
Microsoft Visual Studio Solution File, Format Version 12.00
Project("{FAE04EC0-301F-11D3-BF4B-00C04F79EFBC}") = "Lap2_C_T2009A_NGUYENMANHHUNG", "Lap2_C_T2009A_NGUYENMANHHUNG\Lap2_C_T2009A_NGUYENMANHHUNG.csproj", "{FBFA86CC-083A-4AB2-9304-C88281751CF5}"
EndProject
Project("{FAE04EC0-301F-11D3-BF4B-00C04F79EFBC}") = "SINValidator", "SINValidator\SINValidator.csproj", "{185A88A2-28DB-4265-B6C8-0652D6C1E7F4}"
EndProject
Global
	GlobalSection(SolutionConfigurationPlatforms) = preSolution
		Debug|Any CPU = Debug|Any CPU
		Release|Any CPU = Release|Any CPU
	EndGlobalSection
	GlobalSection(ProjectConfigurationPlatforms) = postSolution
		{FBFA86CC-083A-4AB2-9304-C88281751CF5}.Debug|Any CPU.ActiveCfg = Debug|Any CPU
		{FBFA86CC-083A-4AB2-9304-C88281751CF5}.Debug|Any CPU.Build.0 = Debug|Any CPU
		{FBFA86CC-083A-4AB2-9304-C88281751CF5}.Release|Any CPU.ActiveCfg = Release|Any CPU
		{FBFA86CC-083A-4AB2-9304-C88281751CF5}.Release|Any CPU.Build.0 = Release|Any CPU
		{185A88A2-28DB-4265-B6C8-0652D6C1E7F4}.Debug|Any CPU.ActiveCfg = Debug|Any CPU
		{185A88A2-28DB-4265-B6C8-0652D6C1E7F4}.Debug|Any CPU.Build.0 = Debug|Any CPU
		{185A88A2-28DB-4265-B6C8-0652D6C1E7F4}.Release|Any CPU.ActiveCfg = Release|Any CPU
		{185A88A2-28DB-4265-B6C8-0652D6C1E7F4}.Release|Any CPU.Build.0 = Release|Any CPU
	EndGlobalSection
EndGlobal
